hash: 2c079281add9f99818de5131b2d843855762e79a31e76adfd43ffce3923fddf6
updated: 2016-08-31T15:47:15.006552263+01:00
imports:
- name: cloud.google.com/go
  version: 0be5b78e8f89c61a4877d5fccf2818cb16b1f0e4
  subpackages:
  - compute/metadata
  - internal
- name: github.com/golang/protobuf
  version: 1f49d83d9aa00e6ce4fc8258c71cc7786aec968a
  subpackages:
  - proto
- name: golang.org/x/net
  version: 9bc2a3340c92c17a20edcd0080e93851ed58f5d5
  subpackages:
  - context
  - context/ctxhttp
- name: golang.org/x/oauth2
  version: 4d549c893be7d4011bab739cc585d091a7188d27
  subpackages:
  - google
  - internal
  - jws
  - jwt
- name: google.golang.org/api
  version: a6f4bdf45d84ef23b113bfa75300937092dd442b
  subpackages:
  - compute/v1
  - container/v1
  - gensupport
  - googleapi
  - googleapi/internal/uritemplates
- name: google.golang.org/appengine
  version: 4f7eeb5305a4ba1966344836ba4af9996b7b4e05
  subpackages:
  - urlfetch
  - internal
  - internal/app_identity
  - internal/modules
  - internal/urlfetch
  - internal/base
  - internal/datastore
  - internal/log
  - internal/remote_api
- name: gopkg.in/yaml.v2
  version: e4d366fc3c7938e2958e662b4258c7a89e1f0e3e
testImports: []
